
Microsoft Visual Studio Solution File, Format Version 12.00
# Visual Studio Version 17
VisualStudioVersion = 17.11.35222.181
MinimumVisualStudioVersion = 10.0.40219.1
Project("{FAE04EC0-301F-11D3-BF4B-00C04F79EFBC}") = "webapp", "webapp\webapp.csproj", "{64822567-E6BF-44F9-9781-553DB2BF9DBB}"
EndProject
Global
	GlobalSection(SolutionConfigurationPlatforms) = preSolution
		Debug|Any CPU = Debug|Any CPU
		Release|Any CPU = Release|Any CPU
	EndGlobalSection
	GlobalSection(ProjectConfigurationPlatforms) = postSolution
		{64822567-E6BF-44F9-9781-553DB2BF9DBB}.Debug|Any CPU.ActiveCfg = Debug|Any CPU
		{64822567-E6BF-44F9-9781-553DB2BF9DBB}.Debug|Any CPU.Build.0 = Debug|Any CPU
		{64822567-E6BF-44F9-9781-553DB2BF9DBB}.Release|Any CPU.ActiveCfg = Release|Any CPU
		{64822567-E6BF-44F9-9781-553DB2BF9DBB}.Release|Any CPU.Build.0 = Release|Any CPU
	EndGlobalSection
	GlobalSection(SolutionProperties) = preSolution
		HideSolutionNode = FALSE
	EndGlobalSection
	GlobalSection(ExtensibilityGlobals) = postSolution
		SolutionGuid = {F2F83CE7-FD40-4492-A4E6-B6B5C802F192}
	EndGlobalSection
EndGlobal
